
Microsoft Visual Studio Solution File, Format Version 12.00
# Visual Studio Version 16
VisualStudioVersion = 16.0.30204.135
MinimumVisualStudioVersion = 10.0.40219.1
Project("{FAE04EC0-301F-11D3-BF4B-00C04F79EFBC}") = "CodeBlogBinarySearchTree", "CodeBlogBinarySearchTree.csproj", "{EC176676-8562-40AC-87BA-C8D0B434167E}"
EndProject
Global
	GlobalSection(SolutionConfigurationPlatforms) = preSolution
		Debug|Any CPU = Debug|Any CPU
		Release|Any CPU = Release|Any CPU
	EndGlobalSection
	GlobalSection(ProjectConfigurationPlatforms) = postSolution
		{EC176676-8562-40AC-87BA-C8D0B434167E}.Debug|Any CPU.ActiveCfg = Debug|Any CPU
		{EC176676-8562-40AC-87BA-C8D0B434167E}.Debug|Any CPU.Build.0 = Debug|Any CPU
		{EC176676-8562-40AC-87BA-C8D0B434167E}.Release|Any CPU.ActiveCfg = Release|Any CPU
		{EC176676-8562-40AC-87BA-C8D0B434167E}.Release|Any CPU.Build.0 = Release|Any CPU
	EndGlobalSection
	GlobalSection(SolutionProperties) = preSolution
		HideSolutionNode = FALSE
	EndGlobalSection
	GlobalSection(ExtensibilityGlobals) = postSolution
		SolutionGuid = {91DDE6B8-8516-4414-BF04-E4C0DFA4C606}
	EndGlobalSection
EndGlobal
